// !$*UTF8*$!
{
	archiveVersion = 1;
	classes = {
	};
	objectVersion = 56;
	objects = {

/* Begin PBXBuildFile section */
		04C97EED2C58395F006D493C /* AppDelegate.swift in Sources */ = {isa = PBXBuildFile; fileRef = 04C97EEC2C58395F006D493C /* AppDelegate.swift */; };
		04C97EEF2C58395F006D493C /* SceneDelegate.swift in Sources */ = {isa = PBXBuildFile; fileRef = 04C97EEE2C58395F006D493C /* SceneDelegate.swift */; };
		04C97EF12C58395F006D493C /* ViewController.swift in Sources */ = {isa = PBXBuildFile; fileRef = 04C97EF02C58395F006D493C /* ViewController.swift */; };
		04C97EF42C58395F006D493C /* Base in Resources */ = {isa = PBXBuildFile; fileRef = 04C97EF32C58395F006D493C /* Base */; };
		04C97EF62C583962006D493C /* Assets.xcassets in Resources */ = {isa = PBXBuildFile; fileRef = 04C97EF52C583962006D493C /* Assets.xcassets */; };
		04C97EF92C583962006D493C /* Base in Resources */ = {isa = PBXBuildFile; fileRef = 04C97EF82C583962006D493C /* Base */; };
		04C97F022C58E388006D493C /* MovieCell.xib in Resources */ = {isa = PBXBuildFile; fileRef = 04C97F012C58E388006D493C /* MovieCell.xib */; };
		04C97F032C58E388006D493C /* MovieCell.swift in Sources */ = {isa = PBXBuildFile; fileRef = 04C97F002C58E388006D493C /* MovieCell.swift */; };
		04C97F082C5A3AF4006D493C /* Model.swift in Sources */ = {isa = PBXBuildFile; fileRef = 04C97F072C5A3AF4006D493C /* Model.swift */; };
		04C97F0A2C5A3B24006D493C /* MovieStruct.swift in Sources */ = {isa = PBXBuildFile; fileRef = 04C97F092C5A3B24006D493C /* MovieStruct.swift */; };
		04C97F0C2C5A3CC3006D493C /* MovieListVM.swift in Sources */ = {isa = PBXBuildFile; fileRef = 04C97F0B2C5A3CC3006D493C /* MovieListVM.swift */; };
		04C97F0E2C5A3CD9006D493C /* MovieInfoVM.swift in Sources */ = {isa = PBXBuildFile; fileRef = 04C97F0D2C5A3CD9006D493C /* MovieInfoVM.swift */; };
		04DB908C2C6219160089CF53 /* MovieResponce.swift in Sources */ = {isa = PBXBuildFile; fileRef = 04DB908B2C6219160089CF53 /* MovieResponce.swift */; };
		04DB908E2C62193F0089CF53 /* Loader.swift in Sources */ = {isa = PBXBuildFile; fileRef = 04DB908D2C62193F0089CF53 /* Loader.swift */; };
		C1F1270CF2ADDAF204CB2744 /* Pods_test_movie_list.framework in Frameworks */ = {isa = PBXBuildFile; fileRef = 3196581CFBB766734D046687 /* Pods_test_movie_list.framework */; };
/* End PBXBuildFile section */

/* Begin PBXFileReference section */
		04C97EE92C58395F006D493C /* test_movie_list.app */ = {isa = PBXFileReference; explicitFileType = wrapper.application; includeInIndex = 0; path = test_movie_list.app; sourceTree = BUILT_PRODUCTS_DIR; };
		04C97EEC2C58395F006D493C /* AppDelegate.swift */ = {isa = PBXFileReference; lastKnownFileType = sourcecode.swift; path = AppDelegate.swift; sourceTree = "<group>"; };
		04C97EEE2C58395F006D493C /* SceneDelegate.swift */ = {isa = PBXFileReference; lastKnownFileType = sourcecode.swift; path = SceneDelegate.swift; sourceTree = "<group>"; };
		04C97EF02C58395F006D493C /* ViewController.swift */ = {isa = PBXFileReference; lastKnownFileType = sourcecode.swift; path = ViewController.swift; sourceTree = "<group>"; };
		04C97EF32C58395F006D493C /* Base */ = {isa = PBXFileReference; lastKnownFileType = file.storyboard; name = Base; path = Base.lproj/Main.storyboard; sourceTree = "<group>"; };
		04C97EF52C583962006D493C /* Assets.xcassets */ = {isa = PBXFileReference; lastKnownFileType = folder.assetcatalog; path = Assets.xcassets; sourceTree = "<group>"; };
		04C97EF82C583962006D493C /* Base */ = {isa = PBXFileReference; lastKnownFileType = file.storyboard; name = Base; path = Base.lproj/LaunchScreen.storyboard; sourceTree = "<group>"; };
		04C97EFA2C583962006D493C /* Info.plist */ = {isa = PBXFileReference; lastKnownFileType = text.plist.xml; path = Info.plist; sourceTree = "<group>"; };
		04C97F002C58E388006D493C /* MovieCell.swift */ = {isa = PBXFileReference; lastKnownFileType = sourcecode.swift; path = MovieCell.swift; sourceTree = "<group>"; };
		04C97F012C58E388006D493C /* MovieCell.xib */ = {isa = PBXFileReference; lastKnownFileType = file.xib; path = MovieCell.xib; sourceTree = "<group>"; };
		04C97F072C5A3AF4006D493C /* Model.swift */ = {isa = PBXFileReference; lastKnownFileType = sourcecode.swift; path = Model.swift; sourceTree = "<group>"; };
		04C97F092C5A3B24006D493C /* MovieStruct.swift */ = {isa = PBXFileReference; lastKnownFileType = sourcecode.swift; path = MovieStruct.swift; sourceTree = "<group>"; };
		04C97F0B2C5A3CC3006D493C /* MovieListVM.swift */ = {isa = PBXFileReference; lastKnownFileType = sourcecode.swift; path = MovieListVM.swift; sourceTree = "<group>"; };
		04C97F0D2C5A3CD9006D493C /* MovieInfoVM.swift */ = {isa = PBXFileReference; lastKnownFileType = sourcecode.swift; path = MovieInfoVM.swift; sourceTree = "<group>"; };
		04DB908B2C6219160089CF53 /* MovieResponce.swift */ = {isa = PBXFileReference; lastKnownFileType = sourcecode.swift; path = MovieResponce.swift; sourceTree = "<group>"; };
		04DB908D2C62193F0089CF53 /* Loader.swift */ = {isa = PBXFileReference; lastKnownFileType = sourcecode.swift; path = Loader.swift; sourceTree = "<group>"; };
		3196581CFBB766734D046687 /* Pods_test_movie_list.framework */ = {isa = PBXFileReference; explicitFileType = wrapper.framework; includeInIndex = 0; path = Pods_test_movie_list.framework; sourceTree = BUILT_PRODUCTS_DIR; };
		75D258C3B5A1BE6C32082BDA /* Pods-test_movie_list.debug.xcconfig */ = {isa = PBXFileReference; includeInIndex = 1; lastKnownFileType = text.xcconfig; name = "Pods-test_movie_list.debug.xcconfig"; path = "Target Support Files/Pods-test_movie_list/Pods-test_movie_list.debug.xcconfig"; sourceTree = "<group>"; };
		A4DFC0DBFD988E262427F12A /* Pods-test_movie_list.release.xcconfig */ = {isa = PBXFileReference; includeInIndex = 1; lastKnownFileType = text.xcconfig; name = "Pods-test_movie_list.release.xcconfig"; path = "Target Support Files/Pods-test_movie_list/Pods-test_movie_list.release.xcconfig"; sourceTree = "<group>"; };
/* End PBXFileReference section */

/* Begin PBXFrameworksBuildPhase section */
		04C97EE62C58395F006D493C /* Frameworks */ = {
			isa = PBXFrameworksBuildPhase;
			buildActionMask = 2147483647;
			files = (
				C1F1270CF2ADDAF204CB2744 /* Pods_test_movie_list.framework in Frameworks */,
			);
			runOnlyForDeploymentPostprocessing = 0;
		};
/* End PBXFrameworksBuildPhase section */

/* Begin PBXGroup section */
		04C97EE02C58395F006D493C = {
			isa = PBXGroup;
			children = (
				04C97EEB2C58395F006D493C /* test_movie_list */,
				04C97EEA2C58395F006D493C /* Products */,
				FC271A0F0326CE9805EEE107 /* Pods */,
				C33D865C6274374E094D267A /* Frameworks */,
			);
			sourceTree = "<group>";
		};
		04C97EEA2C58395F006D493C /* Products */ = {
			isa = PBXGroup;
			children = (
				04C97EE92C58395F006D493C /* test_movie_list.app */,
			);
			name = Products;
			sourceTree = "<group>";
		};
		04C97EEB2C58395F006D493C /* test_movie_list */ = {
			isa = PBXGroup;
			children = (
				04C97F062C5A3AE1006D493C /* Model */,
				04C97F052C5A3AD7006D493C /* ViewModels */,
				04C97F042C5A3ACA006D493C /* Views */,
				04C97EEC2C58395F006D493C /* AppDelegate.swift */,
				04C97EEE2C58395F006D493C /* SceneDelegate.swift */,
				04C97EF52C583962006D493C /* Assets.xcassets */,
				04C97EF72C583962006D493C /* LaunchScreen.storyboard */,
				04C97EFA2C583962006D493C /* Info.plist */,
			);
			path = test_movie_list;
			sourceTree = "<group>";
		};
		04C97F042C5A3ACA006D493C /* Views */ = {
			isa = PBXGroup;
			children = (
				04C97EF02C58395F006D493C /* ViewController.swift */,
				04C97EF22C58395F006D493C /* Main.storyboard */,
				04C97F002C58E388006D493C /* MovieCell.swift */,
				04C97F012C58E388006D493C /* MovieCell.xib */,
			);
			path = Views;
			sourceTree = "<group>";
		};
		04C97F052C5A3AD7006D493C /* ViewModels */ = {
			isa = PBXGroup;
			children = (
				04C97F0B2C5A3CC3006D493C /* MovieListVM.swift */,
				04C97F0D2C5A3CD9006D493C /* MovieInfoVM.swift */,
			);
			path = ViewModels;
			sourceTree = "<group>";
		};
		04C97F062C5A3AE1006D493C /* Model */ = {
			isa = PBXGroup;
			children = (
				04C97F072C5A3AF4006D493C /* Model.swift */,
				04C97F092C5A3B24006D493C /* MovieStruct.swift */,
				04DB908B2C6219160089CF53 /* MovieResponce.swift */,
				04DB908D2C62193F0089CF53 /* Loader.swift */,
			);
			path = Model;
			sourceTree = "<group>";
		};
		C33D865C6274374E094D267A /* Frameworks */ = {
			isa = PBXGroup;
			children = (
				3196581CFBB766734D046687 /* Pods_test_movie_list.framework */,
			);
			name = Frameworks;
			sourceTree = "<group>";
		};
		FC271A0F0326CE9805EEE107 /* Pods */ = {
			isa = PBXGroup;
			children = (
				75D258C3B5A1BE6C32082BDA /* Pods-test_movie_list.debug.xcconfig */,
				A4DFC0DBFD988E262427F12A /* Pods-test_movie_list.release.xcconfig */,
			);
			name = Pods;
			path = Pods;
			sourceTree = "<group>";
		};
/* End PBXGroup section */

/* Begin PBXNativeTarget section */
		04C97EE82C58395F006D493C /* test_movie_list */ = {
			isa = PBXNativeTarget;
			buildConfigurationList = 04C97EFD2C583962006D493C /* Build configuration list for PBXNativeTarget "test_movie_list" */;
			buildPhases = (
				A7EC2CA4C883ADE546431F16 /* [CP] Check Pods Manifest.lock */,
				04C97EE52C58395F006D493C /* Sources */,
				04C97EE62C58395F006D493C /* Frameworks */,
				04C97EE72C58395F006D493C /* Resources */,
				8C7E2D499CE0C735D7A44FBA /* [CP] Embed Pods Frameworks */,
			);
			buildRules = (
			);
			dependencies = (
			);
			name = test_movie_list;
			productName = test_movie_list;
			productReference = 04C97EE92C58395F006D493C /* test_movie_list.app */;
			productType = "com.apple.product-type.application";
		};
/* End PBXNativeTarget section */

/* Begin PBXProject section */
		04C97EE12C58395F006D493C /* Project object */ = {
			isa = PBXProject;
			attributes = {
				BuildIndependentTargetsInParallel = 1;
				LastSwiftUpdateCheck = 1530;
				LastUpgradeCheck = 1530;
				TargetAttributes = {
					04C97EE82C58395F006D493C = {
						CreatedOnToolsVersion = 15.3;
					};
				};
			};
			buildConfigurationList = 04C97EE42C58395F006D493C /* Build configuration list for PBXProject "test_movie_list" */;
			compatibilityVersion = "Xcode 14.0";
			developmentRegion = en;
			hasScannedForEncodings = 0;
			knownRegions = (
				en,
				Base,
			);
			mainGroup = 04C97EE02C58395F006D493C;
			productRefGroup = 04C97EEA2C58395F006D493C /* Products */;
			projectDirPath = "";
			projectRoot = "";
			targets = (
				04C97EE82C58395F006D493C /* test_movie_list */,
			);
		};
/* End PBXProject section */

/* Begin PBXResourcesBuildPhase section */
		04C97EE72C58395F006D493C /* Resources */ = {
			isa = PBXResourcesBuildPhase;
			buildActionMask = 2147483647;
			files = (
				04C97EF62C583962006D493C /* Assets.xcassets in Resources */,
				04C97EF92C583962006D493C /* Base in Resources */,
				04C97F022C58E388006D493C /* MovieCell.xib in Resources */,
				04C97EF42C58395F006D493C /* Base in Resources */,
			);
			runOnlyForDeploymentPostprocessing = 0;
		};
/* End PBXResourcesBuildPhase section */

/* Begin PBXShellScriptBuildPhase section */
		8C7E2D499CE0C735D7A44FBA /* [CP] Embed Pods Frameworks */ = {
			isa = PBXShellScriptBuildPhase;
			buildActionMask = 2147483647;
			files = (
			);
			inputFileListPaths = (
				"${PODS_ROOT}/Target Support Files/Pods-test_movie_list/Pods-test_movie_list-frameworks-${CONFIGURATION}-input-files.xcfilelist",
			);
			name = "[CP] Embed Pods Frameworks";
			outputFileListPaths = (
				"${PODS_ROOT}/Target Support Files/Pods-test_movie_list/Pods-test_movie_list-frameworks-${CONFIGURATION}-output-files.xcfilelist",
			);
			runOnlyForDeploymentPostprocessing = 0;
			shellPath = /bin/sh;
			shellScript = "\"${PODS_ROOT}/Target Support Files/Pods-test_movie_list/Pods-test_movie_list-frameworks.sh\"\n";
			showEnvVarsInLog = 0;
		};
		A7EC2CA4C883ADE546431F16 /* [CP] Check Pods Manifest.lock */ = {
			isa = PBXShellScriptBuildPhase;
			buildActionMask = 2147483647;
			files = (
			);
			inputFileListPaths = (
			);
			inputPaths = (
				"${PODS_PODFILE_DIR_PATH}/Podfile.lock",
				"${PODS_ROOT}/Manifest.lock",
			);
			name = "[CP] Check Pods Manifest.lock";
			outputFileListPaths = (
			);
			outputPaths = (
				"$(DERIVED_FILE_DIR)/Pods-test_movie_list-checkManifestLockResult.txt",
			);
			runOnlyForDeploymentPostprocessing = 0;
			shellPath = /bin/sh;
			shellScript = "diff \"${PODS_PODFILE_DIR_PATH}/Podfile.lock\" \"${PODS_ROOT}/Manifest.lock\" > /dev/null\nif [ $? != 0 ] ; then\n    # print error to STDERR\n    echo \"error: The sandbox is not in sync with the Podfile.lock. Run 'pod install' or update your CocoaPods installation.\" >&2\n    exit 1\nfi\n# This output is used by Xcode 'outputs' to avoid re-running this script phase.\necho \"SUCCESS\" > \"${SCRIPT_OUTPUT_FILE_0}\"\n";
			showEnvVarsInLog = 0;
		};
/* End PBXShellScriptBuildPhase section */

/* Begin PBXSourcesBuildPhase section */
		04C97EE52C58395F006D493C /* Sources */ = {
			isa = PBXSourcesBuildPhase;
			buildActionMask = 2147483647;
			files = (
				04C97F082C5A3AF4006D493C /* Model.swift in Sources */,
				04C97F0A2C5A3B24006D493C /* MovieStruct.swift in Sources */,
				04C97EF12C58395F006D493C /* ViewController.swift in Sources */,
				04C97F0E2C5A3CD9006D493C /* MovieInfoVM.swift in Sources */,
				04DB908E2C62193F0089CF53 /* Loader.swift in Sources */,
				04C97EED2C58395F006D493C /* AppDelegate.swift in Sources */,
				04C97F0C2C5A3CC3006D493C /* MovieListVM.swift in Sources */,
				04C97F032C58E388006D493C /* MovieCell.swift in Sources */,
				04C97EEF2C58395F006D493C /* SceneDelegate.swift in Sources */,
				04DB908C2C6219160089CF53 /* MovieResponce.swift in Sources */,
			);
			runOnlyForDeploymentPostprocessing = 0;
		};
/* End PBXSourcesBuildPhase section */

/* Begin PBXVariantGroup section */
		04C97EF22C58395F006D493C /* Main.storyboard */ = {
			isa = PBXVariantGroup;
			children = (
				04C97EF32C58395F006D493C /* Base */,
			);
			name = Main.storyboard;
			sourceTree = "<group>";
		};
		04C97EF72C583962006D493C /* LaunchScreen.storyboard */ = {
			isa = PBXVariantGroup;
			children = (
				04C97EF82C583962006D493C /* Base */,
			);
			name = LaunchScreen.storyboard;
			sourceTree = "<group>";
		};
/* End PBXVariantGroup section */

/* Begin XCBuildConfiguration section */
		04C97EFB2C583962006D493C /* Debug */ = {
			isa = XCBuildConfiguration;
			buildSettings = {
				ALWAYS_SEARCH_USER_PATHS = NO;
				ASSETCATALOG_COMPILER_GENERATE_SWIFT_ASSET_SYMBOL_EXTENSIONS = YES;
				CLANG_ANALYZER_NONNULL = YES;
				CLANG_ANALYZER_NUMBER_OBJECT_CONVERSION = YES_AGGRESSIVE;
				CLANG_CXX_LANGUAGE_STANDARD = "gnu++20";
				CLANG_ENABLE_MODULES = YES;
				CLANG_ENABLE_OBJC_ARC = YES;
				CLANG_ENABLE_OBJC_WEAK = YES;
				CLANG_WARN_BLOCK_CAPTURE_AUTORELEASING = YES;
				CLANG_WARN_BOOL_CONVERSION = YES;
				CLANG_WARN_COMMA = YES;
				CLANG_WARN_CONSTANT_CONVERSION = YES;
				CLANG_WARN_DEPRECATED_OBJC_IMPLEMENTATIONS = YES;
				CLANG_WARN_DIRECT_OBJC_ISA_USAGE = YES_ERROR;
				CLANG_WARN_DOCUMENTATION_COMMENTS = YES;
				CLANG_WARN_EMPTY_BODY = YES;
				CLANG_WARN_ENUM_CONVERSION = YES;
				CLANG_WARN_INFINITE_RECURSION = YES;
				CLANG_WARN_INT_CONVERSION = YES;
				CLANG_WARN_NON_LITERAL_NULL_CONVERSION = YES;
				CLANG_WARN_OBJC_IMPLICIT_RETAIN_SELF = YES;
				CLANG_WARN_OBJC_LITERAL_CONVERSION = YES;
				CLANG_WARN_OBJC_ROOT_CLASS = YES_ERROR;
				CLANG_WARN_QUOTED_INCLUDE_IN_FRAMEWORK_HEADER = YES;
				CLANG_WARN_RANGE_LOOP_ANALYSIS = YES;
				CLANG_WARN_STRICT_PROTOTYPES = YES;
				CLANG_WARN_SUSPICIOUS_MOVE = YES;
				CLANG_WARN_UNGUARDED_AVAILABILITY = YES_AGGRESSIVE;
				CLANG_WARN_UNREACHABLE_CODE = YES;
				CLANG_WARN__DUPLICATE_METHOD_MATCH = YES;
				COPY_PHASE_STRIP = NO;
				DEBUG_INFORMATION_FORMAT = dwarf;
				ENABLE_STRICT_OBJC_MSGSEND = YES;
				ENABLE_TESTABILITY = YES;
				ENABLE_USER_SCRIPT_SANDBOXING = YES;
				GCC_C_LANGUAGE_STANDARD = gnu17;
				GCC_DYNAMIC_NO_PIC = NO;
				GCC_NO_COMMON_BLOCKS = YES;
				GCC_OPTIMIZATION_LEVEL = 0;
				GCC_PREPROCESSOR_DEFINITIONS = (
					"DEBUG=1",
					"$(inherited)",
				);
				GCC_WARN_64_TO_32_BIT_CONVERSION = YES;
				GCC_WARN_ABOUT_RETURN_TYPE = YES_ERROR;
				GCC_WARN_UNDECLARED_SELECTOR = YES;
				GCC_WARN_UNINITIALIZED_AUTOS = YES_AGGRESSIVE;
				GCC_WARN_UNUSED_FUNCTION = YES;
				GCC_WARN_UNUSED_VARIABLE = YES;
				IPHONEOS_DEPLOYMENT_TARGET = 17.4;
				LOCALIZATION_PREFERS_STRING_CATALOGS = YES;
				MTL_ENABLE_DEBUG_INFO = INCLUDE_SOURCE;
				MTL_FAST_MATH = YES;
				ONLY_ACTIVE_ARCH = YES;
				SDKROOT = iphoneos;
				SWIFT_ACTIVE_COMPILATION_CONDITIONS = "DEBUG $(inherited)";
				SWIFT_OPTIMIZATION_LEVEL = "-Onone";
			};
			name = Debug;
		};
		04C97EFC2C583962006D493C /* Release */ = {
			isa = XCBuildConfiguration;
			buildSettings = {
				ALWAYS_SEARCH_USER_PATHS = NO;
				ASSETCATALOG_COMPILER_GENERATE_SWIFT_ASSET_SYMBOL_EXTENSIONS = YES;
				CLANG_ANALYZER_NONNULL = YES;
				CLANG_ANALYZER_NUMBER_OBJECT_CONVERSION = YES_AGGRESSIVE;
				CLANG_CXX_LANGUAGE_STANDARD = "gnu++20";
				CLANG_ENABLE_MODULES = YES;
				CLANG_ENABLE_OBJC_ARC = YES;
				CLANG_ENABLE_OBJC_WEAK = YES;
				CLANG_WARN_BLOCK_CAPTURE_AUTORELEASING = YES;
				CLANG_WARN_BOOL_CONVERSION = YES;
				CLANG_WARN_COMMA = YES;
				CLANG_WARN_CONSTANT_CONVERSION = YES;
				CLANG_WARN_DEPRECATED_OBJC_IMPLEMENTATIONS = YES;
				CLANG_WARN_DIRECT_OBJC_ISA_USAGE = YES_ERROR;
				CLANG_WARN_DOCUMENTATION_COMMENTS = YES;
				CLANG_WARN_EMPTY_BODY = YES;
				CLANG_WARN_ENUM_CONVERSION = YES;
				CLANG_WARN_INFINITE_RECURSION = YES;
				CLANG_WARN_INT_CONVERSION = YES;
				CLANG_WARN_NON_LITERAL_NULL_CONVERSION = YES;
				CLANG_WARN_OBJC_IMPLICIT_RETAIN_SELF = YES;
				CLANG_WARN_OBJC_LITERAL_CONVERSION = YES;
				CLANG_WARN_OBJC_ROOT_CLASS = YES_ERROR;
				CLANG_WARN_QUOTED_INCLUDE_IN_FRAMEWORK_HEADER = YES;
				CLANG_WARN_RANGE_LOOP_ANALYSIS = YES;
				CLANG_WARN_STRICT_PROTOTYPES = YES;
				CLANG_WARN_SUSPICIOUS_MOVE = YES;
				CLANG_WARN_UNGUARDED_AVAILABILITY = YES_AGGRESSIVE;
				CLANG_WARN_UNREACHABLE_CODE = YES;
				CLANG_WARN__DUPLICATE_METHOD_MATCH = YES;
				COPY_PHASE_STRIP = NO;
				DEBUG_INFORMATION_FORMAT = "dwarf-with-dsym";
				ENABLE_NS_ASSERTIONS = NO;
				ENABLE_STRICT_OBJC_MSGSEND = YES;
				ENABLE_USER_SCRIPT_SANDBOXING = YES;
				GCC_C_LANGUAGE_STANDARD = gnu17;
				GCC_NO_COMMON_BLOCKS = YES;
				GCC_WARN_64_TO_32_BIT_CONVERSION = YES;
				GCC_WARN_ABOUT_RETURN_TYPE = YES_ERROR;
				GCC_WARN_UNDECLARED_SELECTOR = YES;
				GCC_WARN_UNINITIALIZED_AUTOS = YES_AGGRESSIVE;
				GCC_WARN_UNUSED_FUNCTION = YES;
				GCC_WARN_UNUSED_VARIABLE = YES;
				IPHONEOS_DEPLOYMENT_TARGET = 17.4;
				LOCALIZATION_PREFERS_STRING_CATALOGS = YES;
				MTL_ENABLE_DEBUG_INFO = NO;
				MTL_FAST_MATH = YES;
				SDKROOT = iphoneos;
				SWIFT_COMPILATION_MODE = wholemodule;
				VALIDATE_PRODUCT = YES;
			};
			name = Release;
		};
		04C97EFE2C583962006D493C /* Debug */ = {
			isa = XCBuildConfiguration;
			baseConfigurationReference = 75D258C3B5A1BE6C32082BDA /* Pods-test_movie_list.debug.xcconfig */;
			buildSettings = {
				ASSETCATALOG_COMPILER_APPICON_NAME = AppIcon;
				ASSETCATALOG_COMPILER_GLOBAL_ACCENT_COLOR_NAME = AccentColor;
				CODE_SIGN_STYLE = Automatic;
				CURRENT_PROJECT_VERSION = 1;
				GENERATE_INFOPLIST_FILE = YES;
				INFOPLIST_FILE = test_movie_list/Info.plist;
				INFOPLIST_KEY_UIApplicationSupportsIndirectInputEvents = YES;
				INFOPLIST_KEY_UILaunchStoryboardName = LaunchScreen;
				INFOPLIST_KEY_UIMainStoryboardFile = Main;
				INFOPLIST_KEY_UISupportedInterfaceOrientations_iPad = "UIInterfaceOrientationPortrait UIInterfaceOrientationPortraitUpsideDown UIInterfaceOrientationLandscapeLeft UIInterfaceOrientationLandscapeRight";
				INFOPLIST_KEY_UISupportedInterfaceOrientations_iPhone = "UIInterfaceOrientationPortrait UIInterfaceOrientationLandscapeLeft UIInterfaceOrientationLandscapeRight";
				LD_RUNPATH_SEARCH_PATHS = (
					"$(inherited)",
					"@executable_path/Frameworks",
				);
				MARKETING_VERSION = 1.0;
				PRODUCT_BUNDLE_IDENTIFIER = "habibi.test-movie-list";
				PRODUCT_NAME = "$(TARGET_NAME)";
				SWIFT_EMIT_LOC_STRINGS = YES;
				SWIFT_VERSION = 5.0;
				TARGETED_DEVICE_FAMILY = "1,2";
			};
			name = Debug;
		};
		04C97EFF2C583962006D493C /* Release */ = {
			isa = XCBuildConfiguration;
			baseConfigurationReference = A4DFC0DBFD988E262427F12A /* Pods-test_movie_list.release.xcconfig */;
			buildSettings = {
				ASSETCATALOG_COMPILER_APPICON_NAME = AppIcon;
				ASSETCATALOG_COMPILER_GLOBAL_ACCENT_COLOR_NAME = AccentColor;
				CODE_SIGN_STYLE = Automatic;
				CURRENT_PROJECT_VERSION = 1;
				GENERATE_INFOPLIST_FILE = YES;
				INFOPLIST_FILE = test_movie_list/Info.plist;
				INFOPLIST_KEY_UIApplicationSupportsIndirectInputEvents = YES;
				INFOPLIST_KEY_UILaunchStoryboardName = LaunchScreen;
				INFOPLIST_KEY_UIMainStoryboardFile = Main;
				INFOPLIST_KEY_UISupportedInterfaceOrientations_iPad = "UIInterfaceOrientationPortrait UIInterfaceOrientationPortraitUpsideDown UIInterfaceOrientationLandscapeLeft UIInterfaceOrientationLandscapeRight";
				INFOPLIST_KEY_UISupportedInterfaceOrientations_iPhone = "UIInterfaceOrientationPortrait UIInterfaceOrientationLandscapeLeft UIInterfaceOrientationLandscapeRight";
				LD_RUNPATH_SEARCH_PATHS = (
					"$(inherited)",
					"@executable_path/Frameworks",
				);
				MARKETING_VERSION = 1.0;
				PRODUCT_BUNDLE_IDENTIFIER = "habibi.test-movie-list";
				PRODUCT_NAME = "$(TARGET_NAME)";
				SWIFT_EMIT_LOC_STRINGS = YES;
				SWIFT_VERSION = 5.0;
				TARGETED_DEVICE_FAMILY = "1,2";
			};
			name = Release;
		};
/* End XCBuildConfiguration section */

/* Begin XCConfigurationList section */
		04C97EE42C58395F006D493C /* Build configuration list for PBXProject "test_movie_list" */ = {
			isa = XCConfigurationList;
			buildConfigurations = (
				04C97EFB2C583962006D493C /* Debug */,
				04C97EFC2C583962006D493C /* Release */,
			);
			defaultConfigurationIsVisible = 0;
			defaultConfigurationName = Release;
		};
		04C97EFD2C583962006D493C /* Build configuration list for PBXNativeTarget "test_movie_list" */ = {
			isa = XCConfigurationList;
			buildConfigurations = (
				04C97EFE2C583962006D493C /* Debug */,
				04C97EFF2C583962006D493C /* Release */,
			);
			defaultConfigurationIsVisible = 0;
			defaultConfigurationName = Release;
		};
/* End XCConfigurationList section */
	};
	rootObject = 04C97EE12C58395F006D493C /* Project object */;
}
